// !$*UTF8*$!
{
	archiveVersion = 1;
	classes = {
	};
	objectVersion = 54;
	objects = {

/* Begin PBXBuildFile section */
		7C2A48882161B0BA000766AD /* Credentials.swift in Sources */ = {isa = PBXBuildFile; fileRef = 7C2A48872161B0BA000766AD /* Credentials.swift */; };
		7C2B5D0B2AD38B3600CAD509 /* Credentials.swift in Sources */ = {isa = PBXBuildFile; fileRef = 7C2A48872161B0BA000766AD /* Credentials.swift */; };
		7C2B5D0C2AD38B3600CAD509 /* ViewController.swift in Sources */ = {isa = PBXBuildFile; fileRef = 7C9EE2DE204B4E99002A4CD0 /* ViewController.swift */; };
		7C2B5D0D2AD38B3600CAD509 /* PortraitAppDelegate.swift in Sources */ = {isa = PBXBuildFile; fileRef = 7C9EE2DC204B4E99002A4CD0 /* PortraitAppDelegate.swift */; };
		7C2B5D0E2AD38B3600CAD509 /* CGClassicDefs.swift in Sources */ = {isa = PBXBuildFile; fileRef = 7CBEE4D32A81F4850079CD5D /* CGClassicDefs.swift */; };
		7C2B5D102AD38B3600CAD509 /* StoreKit.framework in Frameworks */ = {isa = PBXBuildFile; fileRef = 7C2A48892161B285000766AD /* StoreKit.framework */; };
		7C2B5D122AD38B3600CAD509 /* Main.storyboard in Resources */ = {isa = PBXBuildFile; fileRef = 7C9EE2E0204B4E99002A4CD0 /* Main.storyboard */; };
		7C2B5D132AD38B3600CAD509 /* LaunchScreen.storyboard in Resources */ = {isa = PBXBuildFile; fileRef = 7C9EE2E5204B4E99002A4CD0 /* LaunchScreen.storyboard */; };
		7C2B5D1C2AD38EA300CAD509 /* CG-TNGDefs.swift in Sources */ = {isa = PBXBuildFile; fileRef = 7C2B5D1B2AD38EA300CAD509 /* CG-TNGDefs.swift */; };
		7C2B5D1D2AD6195000CAD509 /* Assets.xcassets in Resources */ = {isa = PBXBuildFile; fileRef = 7C9EE2E3204B4E99002A4CD0 /* Assets.xcassets */; };
		7C2B5D1F2AD6197A00CAD509 /* Assets.xcassets in Resources */ = {isa = PBXBuildFile; fileRef = 7C9EE2E3204B4E99002A4CD0 /* Assets.xcassets */; };
		7C2B5D202AD6197B00CAD509 /* Assets.xcassets in Resources */ = {isa = PBXBuildFile; fileRef = 7C9EE2E3204B4E99002A4CD0 /* Assets.xcassets */; };
		7C3A9C282B4B61CC00FD8049 /* Credentials.swift in Sources */ = {isa = PBXBuildFile; fileRef = 7C2A48872161B0BA000766AD /* Credentials.swift */; };
		7C3A9C292B4B61CC00FD8049 /* ViewController.swift in Sources */ = {isa = PBXBuildFile; fileRef = 7C9EE2DE204B4E99002A4CD0 /* ViewController.swift */; };
		7C3A9C2A2B4B61CC00FD8049 /* PortraitAppDelegate.swift in Sources */ = {isa = PBXBuildFile; fileRef = 7C9EE2DC204B4E99002A4CD0 /* PortraitAppDelegate.swift */; };
		7C3A9C2D2B4B61CC00FD8049 /* StoreKit.framework in Frameworks */ = {isa = PBXBuildFile; fileRef = 7C2A48892161B285000766AD /* StoreKit.framework */; };
		7C3A9C2F2B4B61CC00FD8049 /* Main.storyboard in Resources */ = {isa = PBXBuildFile; fileRef = 7C9EE2E0204B4E99002A4CD0 /* Main.storyboard */; };
		7C3A9C302B4B61CC00FD8049 /* Assets.xcassets in Resources */ = {isa = PBXBuildFile; fileRef = 7C9EE2E3204B4E99002A4CD0 /* Assets.xcassets */; };
		7C3A9C312B4B61CC00FD8049 /* LaunchScreen.storyboard in Resources */ = {isa = PBXBuildFile; fileRef = 7C9EE2E5204B4E99002A4CD0 /* LaunchScreen.storyboard */; };
		7C3A9C382B4B62A900FD8049 /* CGLegacyDefs.swift in Sources */ = {isa = PBXBuildFile; fileRef = 7C3A9C372B4B62A900FD8049 /* CGLegacyDefs.swift */; };
		7C72FFAF2B435BF200564EDF /* Assets.xcassets in Resources */ = {isa = PBXBuildFile; fileRef = 7C9EE2E3204B4E99002A4CD0 /* Assets.xcassets */; };
		7C72FFB12B43948F00564EDF /* PortraitandLandscapeAppDelegate.swift in Sources */ = {isa = PBXBuildFile; fileRef = 7C72FFB02B43948F00564EDF /* PortraitandLandscapeAppDelegate.swift */; };
		7C72FFB22B43948F00564EDF /* PortraitandLandscapeAppDelegate.swift in Sources */ = {isa = PBXBuildFile; fileRef = 7C72FFB02B43948F00564EDF /* PortraitandLandscapeAppDelegate.swift */; };
		7C7344122352AF9F00BD919B /* mr roboto intro.mp3 in Resources */ = {isa = PBXBuildFile; fileRef = 7C7344112352AF9F00BD919B /* mr roboto intro.mp3 */; };
		7C7344142353BD3C00BD919B /* Uprising intro.mp3 in Resources */ = {isa = PBXBuildFile; fileRef = 7C7344132353BD3C00BD919B /* Uprising intro.mp3 */; };
		7C9EE2DD204B4E99002A4CD0 /* PortraitAppDelegate.swift in Sources */ = {isa = PBXBuildFile; fileRef = 7C9EE2DC204B4E99002A4CD0 /* PortraitAppDelegate.swift */; };
		7C9EE2DF204B4E99002A4CD0 /* ViewController.swift in Sources */ = {isa = PBXBuildFile; fileRef = 7C9EE2DE204B4E99002A4CD0 /* ViewController.swift */; };
		7C9EE2E2204B4E99002A4CD0 /* Main.storyboard in Resources */ = {isa = PBXBuildFile; fileRef = 7C9EE2E0204B4E99002A4CD0 /* Main.storyboard */; };
		7C9EE2E7204B4E99002A4CD0 /* LaunchScreen.storyboard in Resources */ = {isa = PBXBuildFile; fileRef = 7C9EE2E5204B4E99002A4CD0 /* LaunchScreen.storyboard */; };
		7CBEE4BA2A81E08C0079CD5D /* Credentials.swift in Sources */ = {isa = PBXBuildFile; fileRef = 7C2A48872161B0BA000766AD /* Credentials.swift */; };
		7CBEE4BB2A81E08C0079CD5D /* ViewController.swift in Sources */ = {isa = PBXBuildFile; fileRef = 7C9EE2DE204B4E99002A4CD0 /* ViewController.swift */; };
		7CBEE4BE2A81E08C0079CD5D /* StoreKit.framework in Frameworks */ = {isa = PBXBuildFile; fileRef = 7C2A48892161B285000766AD /* StoreKit.framework */; };
		7CBEE4C22A81E08C0079CD5D /* LaunchScreen.storyboard in Resources */ = {isa = PBXBuildFile; fileRef = 7C9EE2E5204B4E99002A4CD0 /* LaunchScreen.storyboard */; };
		7CBEE4CD2A81E5890079CD5D /* Main.storyboard in Resources */ = {isa = PBXBuildFile; fileRef = 7C9EE2E0204B4E99002A4CD0 /* Main.storyboard */; };
		7CBEE4D22A81F3710079CD5D /* USLDefs.swift in Sources */ = {isa = PBXBuildFile; fileRef = 7CBEE4D12A81F3710079CD5D /* USLDefs.swift */; };
		7CC54699233864070019E3A1 /* In the air tonight teaser.mp3 in Resources */ = {isa = PBXBuildFile; fileRef = 7CC54698233864070019E3A1 /* In the air tonight teaser.mp3 */; };
		7CDCFD0A2A9C200B00BE659D /* Credentials.swift in Sources */ = {isa = PBXBuildFile; fileRef = 7C2A48872161B0BA000766AD /* Credentials.swift */; };
		7CDCFD0B2A9C200B00BE659D /* ViewController.swift in Sources */ = {isa = PBXBuildFile; fileRef = 7C9EE2DE204B4E99002A4CD0 /* ViewController.swift */; };
		7CDCFD0F2A9C200B00BE659D /* StoreKit.framework in Frameworks */ = {isa = PBXBuildFile; fileRef = 7C2A48892161B285000766AD /* StoreKit.framework */; };
		7CDCFD112A9C200B00BE659D /* Main.storyboard in Resources */ = {isa = PBXBuildFile; fileRef = 7C9EE2E0204B4E99002A4CD0 /* Main.storyboard */; };
		7CDCFD1A2A9C220C00BE659D /* PhxLaunchScreen.storyboard in Resources */ = {isa = PBXBuildFile; fileRef = 7CDCFD192A9C220C00BE659D /* PhxLaunchScreen.storyboard */; };
		7CDCFD1F2A9C4D1B00BE659D /* PhxDefs.swift in Sources */ = {isa = PBXBuildFile; fileRef = 7CDCFD1E2A9C4D1B00BE659D /* PhxDefs.swift */; };
		7CE3F5F824DE1B8900E98F8D /* StoreKit.framework in Frameworks */ = {isa = PBXBuildFile; fileRef = 7C2A48892161B285000766AD /* StoreKit.framework */; };
/* End PBXBuildFile section */

/* Begin PBXFileReference section */
		7C1AF53E22D0544600F20F86 /* uslce.entitlements */ = {isa = PBXFileReference; lastKnownFileType = text.plist.entitlements; path = uslce.entitlements; sourceTree = "<group>"; };
		7C2A48872161B0BA000766AD /* Credentials.swift */ = {isa = PBXFileReference; lastKnownFileType = sourcecode.swift; path = Credentials.swift; sourceTree = "<group>"; };
		7C2A48892161B285000766AD /* StoreKit.framework */ = {isa = PBXFileReference; lastKnownFileType = wrapper.framework; name = StoreKit.framework; path = System/Library/Frameworks/StoreKit.framework; sourceTree = SDKROOT; };
		7C2B5D172AD38B3600CAD509 /* cg-classic.app */ = {isa = PBXFileReference; explicitFileType = wrapper.application; includeInIndex = 0; path = "cg-classic.app"; sourceTree = BUILT_PRODUCTS_DIR; };
		7C2B5D182AD38D2100CAD509 /* cg-tng-Info.plist */ = {isa = PBXFileReference; fileEncoding = 4; lastKnownFileType = text.plist.xml; path = "cg-tng-Info.plist"; sourceTree = "<group>"; };
		7C2B5D1B2AD38EA300CAD509 /* CG-TNGDefs.swift */ = {isa = PBXFileReference; fileEncoding = 4; lastKnownFileType = sourcecode.swift; path = "CG-TNGDefs.swift"; sourceTree = "<group>"; };
		7C3A9C352B4B61CC00FD8049 /* cg-legacy.app */ = {isa = PBXFileReference; explicitFileType = wrapper.application; includeInIndex = 0; path = "cg-legacy.app"; sourceTree = BUILT_PRODUCTS_DIR; };
		7C3A9C362B4B61CC00FD8049 /* cg-legacy-info.plist */ = {isa = PBXFileReference; lastKnownFileType = text.plist.xml; name = "cg-legacy-info.plist"; path = "/Users/joseph/Documents/Source/managed/uslce-ios-client-swift/cg-legacy-info.plist"; sourceTree = "<absolute>"; };
		7C3A9C372B4B62A900FD8049 /* CGLegacyDefs.swift */ = {isa = PBXFileReference; lastKnownFileType = sourcecode.swift; path = CGLegacyDefs.swift; sourceTree = "<group>"; };
		7C72FFB02B43948F00564EDF /* PortraitandLandscapeAppDelegate.swift */ = {isa = PBXFileReference; lastKnownFileType = sourcecode.swift; path = PortraitandLandscapeAppDelegate.swift; sourceTree = "<group>"; };
		7C7344112352AF9F00BD919B /* mr roboto intro.mp3 */ = {isa = PBXFileReference; lastKnownFileType = audio.mp3; path = "mr roboto intro.mp3"; sourceTree = "<group>"; };
		7C7344132353BD3C00BD919B /* Uprising intro.mp3 */ = {isa = PBXFileReference; lastKnownFileType = audio.mp3; path = "Uprising intro.mp3"; sourceTree = "<group>"; };
		7C9EE2D9204B4E99002A4CD0 /* uslce.app */ = {isa = PBXFileReference; explicitFileType = wrapper.application; includeInIndex = 0; path = uslce.app; sourceTree = BUILT_PRODUCTS_DIR; };
		7C9EE2DC204B4E99002A4CD0 /* PortraitAppDelegate.swift */ = {isa = PBXFileReference; lastKnownFileType = sourcecode.swift; path = PortraitAppDelegate.swift; sourceTree = "<group>"; };
		7C9EE2DE204B4E99002A4CD0 /* ViewController.swift */ = {isa = PBXFileReference; lastKnownFileType = sourcecode.swift; path = ViewController.swift; sourceTree = "<group>"; };
		7C9EE2E1204B4E99002A4CD0 /* Base */ = {isa = PBXFileReference; lastKnownFileType = file.storyboard; name = Base; path = Base.lproj/Main.storyboard; sourceTree = "<group>"; };
		7C9EE2E3204B4E99002A4CD0 /* Assets.xcassets */ = {isa = PBXFileReference; lastKnownFileType = folder.assetcatalog; path = Assets.xcassets; sourceTree = "<group>"; };
		7C9EE2E6204B4E99002A4CD0 /* Base */ = {isa = PBXFileReference; lastKnownFileType = file.storyboard; name = Base; path = Base.lproj/LaunchScreen.storyboard; sourceTree = "<group>"; };
		7C9EE2E8204B4E99002A4CD0 /* Info.plist */ = {isa = PBXFileReference; lastKnownFileType = text.plist.xml; path = Info.plist; sourceTree = "<group>"; };
		7CBEE4C92A81E08C0079CD5D /* cg-tng.app */ = {isa = PBXFileReference; explicitFileType = wrapper.application; includeInIndex = 0; path = "cg-tng.app"; sourceTree = BUILT_PRODUCTS_DIR; };
		7CBEE4D12A81F3710079CD5D /* USLDefs.swift */ = {isa = PBXFileReference; lastKnownFileType = sourcecode.swift; path = USLDefs.swift; sourceTree = "<group>"; };
		7CBEE4D32A81F4850079CD5D /* CGClassicDefs.swift */ = {isa = PBXFileReference; lastKnownFileType = sourcecode.swift; path = CGClassicDefs.swift; sourceTree = "<group>"; };
		7CBEE4D52A8339800079CD5D /* cg-classic-Info.plist */ = {isa = PBXFileReference; lastKnownFileType = text.plist.xml; path = "cg-classic-Info.plist"; sourceTree = "<group>"; };
		7CC54698233864070019E3A1 /* In the air tonight teaser.mp3 */ = {isa = PBXFileReference; lastKnownFileType = audio.mp3; path = "In the air tonight teaser.mp3"; sourceTree = "<group>"; };
		7CDCFD172A9C200B00BE659D /* phx.app */ = {isa = PBXFileReference; explicitFileType = wrapper.application; includeInIndex = 0; path = phx.app; sourceTree = BUILT_PRODUCTS_DIR; };
		7CDCFD192A9C220C00BE659D /* PhxLaunchScreen.storyboard */ = {isa = PBXFileReference; lastKnownFileType = file.storyboard; path = PhxLaunchScreen.storyboard; sourceTree = "<group>"; };
		7CDCFD1D2A9C23E600BE659D /* phx-info.plist */ = {isa = PBXFileReference; lastKnownFileType = text.plist.xml; path = "phx-info.plist"; sourceTree = "<group>"; };
		7CDCFD1E2A9C4D1B00BE659D /* PhxDefs.swift */ = {isa = PBXFileReference; fileEncoding = 4; lastKnownFileType = sourcecode.swift; path = PhxDefs.swift; sourceTree = "<group>"; };
/* End PBXFileReference section */

/* Begin PBXFrameworksBuildPhase section */
		7C2B5D0F2AD38B3600CAD509 /* Frameworks */ = {
			isa = PBXFrameworksBuildPhase;
			buildActionMask = 2147483647;
			files = (
				7C2B5D102AD38B3600CAD509 /* StoreKit.framework in Frameworks */,
			);
			runOnlyForDeploymentPostprocessing = 0;
		};
		7C3A9C2C2B4B61CC00FD8049 /* Frameworks */ = {
			isa = PBXFrameworksBuildPhase;
			buildActionMask = 2147483647;
			files = (
				7C3A9C2D2B4B61CC00FD8049 /* StoreKit.framework in Frameworks */,
			);
			runOnlyForDeploymentPostprocessing = 0;
		};
		7C9EE2D6204B4E99002A4CD0 /* Frameworks */ = {
			isa = PBXFrameworksBuildPhase;
			buildActionMask = 2147483647;
			files = (
				7CE3F5F824DE1B8900E98F8D /* StoreKit.framework in Frameworks */,
			);
			runOnlyForDeploymentPostprocessing = 0;
		};
		7CBEE4BD2A81E08C0079CD5D /* Frameworks */ = {
			isa = PBXFrameworksBuildPhase;
			buildActionMask = 2147483647;
			files = (
				7CBEE4BE2A81E08C0079CD5D /* StoreKit.framework in Frameworks */,
			);
			runOnlyForDeploymentPostprocessing = 0;
		};
		7CDCFD0E2A9C200B00BE659D /* Frameworks */ = {
			isa = PBXFrameworksBuildPhase;
			buildActionMask = 2147483647;
			files = (
				7CDCFD0F2A9C200B00BE659D /* StoreKit.framework in Frameworks */,
			);
			runOnlyForDeploymentPostprocessing = 0;
		};
/* End PBXFrameworksBuildPhase section */

/* Begin PBXGroup section */
		7C2A487E2161ABFF000766AD /* Frameworks */ = {
			isa = PBXGroup;
			children = (
				7C2A48892161B285000766AD /* StoreKit.framework */,
			);
			name = Frameworks;
			sourceTree = "<group>";
		};
		7C9EE2D0204B4E99002A4CD0 = {
			isa = PBXGroup;
			children = (
				7C7344112352AF9F00BD919B /* mr roboto intro.mp3 */,
				7CC54698233864070019E3A1 /* In the air tonight teaser.mp3 */,
				7C7344132353BD3C00BD919B /* Uprising intro.mp3 */,
				7C9EE2DB204B4E99002A4CD0 /* uslce */,
				7C9EE2DA204B4E99002A4CD0 /* Products */,
				7C2A487E2161ABFF000766AD /* Frameworks */,
			);
			sourceTree = "<group>";
		};
		7C9EE2DA204B4E99002A4CD0 /* Products */ = {
			isa = PBXGroup;
			children = (
				7C9EE2D9204B4E99002A4CD0 /* uslce.app */,
				7CBEE4C92A81E08C0079CD5D /* cg-tng.app */,
				7CDCFD172A9C200B00BE659D /* phx.app */,
				7C2B5D172AD38B3600CAD509 /* cg-classic.app */,
				7C3A9C352B4B61CC00FD8049 /* cg-legacy.app */,
			);
			name = Products;
			sourceTree = "<group>";
		};
		7C9EE2DB204B4E99002A4CD0 /* uslce */ = {
			isa = PBXGroup;
			children = (
				7C1AF53E22D0544600F20F86 /* uslce.entitlements */,
				7C2A48872161B0BA000766AD /* Credentials.swift */,
				7C9EE2DC204B4E99002A4CD0 /* PortraitAppDelegate.swift */,
				7C72FFB02B43948F00564EDF /* PortraitandLandscapeAppDelegate.swift */,
				7C9EE2DE204B4E99002A4CD0 /* ViewController.swift */,
				7CBEE4D12A81F3710079CD5D /* USLDefs.swift */,
				7CBEE4D32A81F4850079CD5D /* CGClassicDefs.swift */,
				7C3A9C372B4B62A900FD8049 /* CGLegacyDefs.swift */,
				7C2B5D1B2AD38EA300CAD509 /* CG-TNGDefs.swift */,
				7CDCFD1E2A9C4D1B00BE659D /* PhxDefs.swift */,
				7C9EE2E0204B4E99002A4CD0 /* Main.storyboard */,
				7C9EE2E3204B4E99002A4CD0 /* Assets.xcassets */,
				7C9EE2E5204B4E99002A4CD0 /* LaunchScreen.storyboard */,
				7C9EE2E8204B4E99002A4CD0 /* Info.plist */,
				7CBEE4D52A8339800079CD5D /* cg-classic-Info.plist */,
				7C3A9C362B4B61CC00FD8049 /* cg-legacy-info.plist */,
				7C2B5D182AD38D2100CAD509 /* cg-tng-Info.plist */,
				7CDCFD1D2A9C23E600BE659D /* phx-info.plist */,
				7CDCFD192A9C220C00BE659D /* PhxLaunchScreen.storyboard */,
			);
			path = uslce;
			sourceTree = "<group>";
		};
/* End PBXGroup section */

/* Begin PBXNativeTarget section */
		7C2B5D092AD38B3600CAD509 /* cg-classic */ = {
			isa = PBXNativeTarget;
			buildConfigurationList = 7C2B5D142AD38B3600CAD509 /* Build configuration list for PBXNativeTarget "cg-classic" */;
			buildPhases = (
				7C2B5D0A2AD38B3600CAD509 /* Sources */,
				7C2B5D0F2AD38B3600CAD509 /* Frameworks */,
				7C2B5D112AD38B3600CAD509 /* Resources */,
			);
			buildRules = (
			);
			dependencies = (
			);
			name = "cg-classic";
			productName = uslce;
			productReference = 7C2B5D172AD38B3600CAD509 /* cg-classic.app */;
			productType = "com.apple.product-type.application";
		};
		7C3A9C262B4B61CC00FD8049 /* cg-legacy */ = {
			isa = PBXNativeTarget;
			buildConfigurationList = 7C3A9C322B4B61CC00FD8049 /* Build configuration list for PBXNativeTarget "cg-legacy" */;
			buildPhases = (
				7C3A9C272B4B61CC00FD8049 /* Sources */,
				7C3A9C2C2B4B61CC00FD8049 /* Frameworks */,
				7C3A9C2E2B4B61CC00FD8049 /* Resources */,
			);
			buildRules = (
			);
			dependencies = (
			);
			name = "cg-legacy";
			productName = uslce;
			productReference = 7C3A9C352B4B61CC00FD8049 /* cg-legacy.app */;
			productType = "com.apple.product-type.application";
		};
		7C9EE2D8204B4E99002A4CD0 /* uslce */ = {
			isa = PBXNativeTarget;
			buildConfigurationList = 7C9EE2EB204B4E99002A4CD0 /* Build configuration list for PBXNativeTarget "uslce" */;
			buildPhases = (
				7C9EE2D5204B4E99002A4CD0 /* Sources */,
				7C9EE2D6204B4E99002A4CD0 /* Frameworks */,
				7C9EE2D7204B4E99002A4CD0 /* Resources */,
			);
			buildRules = (
			);
			dependencies = (
			);
			name = uslce;
			productName = uslce;
			productReference = 7C9EE2D9204B4E99002A4CD0 /* uslce.app */;
			productType = "com.apple.product-type.application";
		};
		7CBEE4B82A81E08C0079CD5D /* cg-tng */ = {
			isa = PBXNativeTarget;
			buildConfigurationList = 7CBEE4C62A81E08C0079CD5D /* Build configuration list for PBXNativeTarget "cg-tng" */;
			buildPhases = (
				7CBEE4B92A81E08C0079CD5D /* Sources */,
				7CBEE4BD2A81E08C0079CD5D /* Frameworks */,
				7CBEE4BF2A81E08C0079CD5D /* Resources */,
			);
			buildRules = (
			);
			dependencies = (
			);
			name = "cg-tng";
			productName = uslce;
			productReference = 7CBEE4C92A81E08C0079CD5D /* cg-tng.app */;
			productType = "com.apple.product-type.application";
		};
		7CDCFD082A9C200B00BE659D /* phx */ = {
			isa = PBXNativeTarget;
			buildConfigurationList = 7CDCFD142A9C200B00BE659D /* Build configuration list for PBXNativeTarget "phx" */;
			buildPhases = (
				7CDCFD092A9C200B00BE659D /* Sources */,
				7CDCFD0E2A9C200B00BE659D /* Frameworks */,
				7CDCFD102A9C200B00BE659D /* Resources */,
			);
			buildRules = (
			);
			dependencies = (
			);
			name = phx;
			productName = uslce;
			productReference = 7CDCFD172A9C200B00BE659D /* phx.app */;
			productType = "com.apple.product-type.application";
		};
/* End PBXNativeTarget section */

/* Begin PBXProject section */
		7C9EE2D1204B4E99002A4CD0 /* Project object */ = {
			isa = PBXProject;
			attributes = {
				BuildIndependentTargetsInParallel = YES;
				LastSwiftUpdateCheck = 0920;
				LastUpgradeCheck = 1500;
				ORGANIZATIONNAME = "Ziquid Design Studio, LLC";
				TargetAttributes = {
					7C9EE2D8204B4E99002A4CD0 = {
						CreatedOnToolsVersion = 9.2;
						LastSwiftMigration = 1160;
						ProvisioningStyle = Automatic;
						SystemCapabilities = {
							com.apple.GameCenter.iOS = {
								enabled = 0;
							};
							com.apple.InAppPurchase = {
								enabled = 1;
							};
							com.apple.Push = {
								enabled = 1;
							};
						};
					};
				};
			};
			buildConfigurationList = 7C9EE2D4204B4E99002A4CD0 /* Build configuration list for PBXProject "uslce" */;
			compatibilityVersion = "Xcode 8.0";
			developmentRegion = en;
			hasScannedForEncodings = 0;
			knownRegions = (
				en,
				Base,
			);
			mainGroup = 7C9EE2D0204B4E99002A4CD0;
			productRefGroup = 7C9EE2DA204B4E99002A4CD0 /* Products */;
			projectDirPath = "";
			projectRoot = "";
			targets = (
				7C9EE2D8204B4E99002A4CD0 /* uslce */,
				7CBEE4B82A81E08C0079CD5D /* cg-tng */,
				7CDCFD082A9C200B00BE659D /* phx */,
				7C2B5D092AD38B3600CAD509 /* cg-classic */,
				7C3A9C262B4B61CC00FD8049 /* cg-legacy */,
			);
		};
/* End PBXProject section */

/* Begin PBXResourcesBuildPhase section */
		7C2B5D112AD38B3600CAD509 /* Resources */ = {
			isa = PBXResourcesBuildPhase;
			buildActionMask = 2147483647;
			files = (
				7C2B5D122AD38B3600CAD509 /* Main.storyboard in Resources */,
				7C2B5D202AD6197B00CAD509 /* Assets.xcassets in Resources */,
				7C2B5D132AD38B3600CAD509 /* LaunchScreen.storyboard in Resources */,
			);
			runOnlyForDeploymentPostprocessing = 0;
		};
		7C3A9C2E2B4B61CC00FD8049 /* Resources */ = {
			isa = PBXResourcesBuildPhase;
			buildActionMask = 2147483647;
			files = (
				7C3A9C2F2B4B61CC00FD8049 /* Main.storyboard in Resources */,
				7C3A9C302B4B61CC00FD8049 /* Assets.xcassets in Resources */,
				7C3A9C312B4B61CC00FD8049 /* LaunchScreen.storyboard in Resources */,
			);
			runOnlyForDeploymentPostprocessing = 0;
		};
		7C9EE2D7204B4E99002A4CD0 /* Resources */ = {
			isa = PBXResourcesBuildPhase;
			buildActionMask = 2147483647;
			files = (
				7CC54699233864070019E3A1 /* In the air tonight teaser.mp3 in Resources */,
				7C7344122352AF9F00BD919B /* mr roboto intro.mp3 in Resources */,
				7C9EE2E7204B4E99002A4CD0 /* LaunchScreen.storyboard in Resources */,
				7C7344142353BD3C00BD919B /* Uprising intro.mp3 in Resources */,
				7C2B5D1D2AD6195000CAD509 /* Assets.xcassets in Resources */,
				7C9EE2E2204B4E99002A4CD0 /* Main.storyboard in Resources */,
			);
			runOnlyForDeploymentPostprocessing = 0;
		};
		7CBEE4BF2A81E08C0079CD5D /* Resources */ = {
			isa = PBXResourcesBuildPhase;
			buildActionMask = 2147483647;
			files = (
				7CBEE4CD2A81E5890079CD5D /* Main.storyboard in Resources */,
				7C2B5D1F2AD6197A00CAD509 /* Assets.xcassets in Resources */,
				7CBEE4C22A81E08C0079CD5D /* LaunchScreen.storyboard in Resources */,
			);
			runOnlyForDeploymentPostprocessing = 0;
		};
		7CDCFD102A9C200B00BE659D /* Resources */ = {
			isa = PBXResourcesBuildPhase;
			buildActionMask = 2147483647;
			files = (
				7CDCFD1A2A9C220C00BE659D /* PhxLaunchScreen.storyboard in Resources */,
				7C72FFAF2B435BF200564EDF /* Assets.xcassets in Resources */,
				7CDCFD112A9C200B00BE659D /* Main.storyboard in Resources */,
			);
			runOnlyForDeploymentPostprocessing = 0;
		};
/* End PBXResourcesBuildPhase section */

/* Begin PBXSourcesBuildPhase section */
		7C2B5D0A2AD38B3600CAD509 /* Sources */ = {
			isa = PBXSourcesBuildPhase;
			buildActionMask = 2147483647;
			files = (
				7C2B5D0B2AD38B3600CAD509 /* Credentials.swift in Sources */,
				7C2B5D0C2AD38B3600CAD509 /* ViewController.swift in Sources */,
				7C2B5D0D2AD38B3600CAD509 /* PortraitAppDelegate.swift in Sources */,
				7C2B5D0E2AD38B3600CAD509 /* CGClassicDefs.swift in Sources */,
			);
			runOnlyForDeploymentPostprocessing = 0;
		};
		7C3A9C272B4B61CC00FD8049 /* Sources */ = {
			isa = PBXSourcesBuildPhase;
			buildActionMask = 2147483647;
			files = (
				7C3A9C282B4B61CC00FD8049 /* Credentials.swift in Sources */,
				7C3A9C382B4B62A900FD8049 /* CGLegacyDefs.swift in Sources */,
				7C3A9C292B4B61CC00FD8049 /* ViewController.swift in Sources */,
				7C3A9C2A2B4B61CC00FD8049 /* PortraitAppDelegate.swift in Sources */,
			);
			runOnlyForDeploymentPostprocessing = 0;
		};
		7C9EE2D5204B4E99002A4CD0 /* Sources */ = {
			isa = PBXSourcesBuildPhase;
			buildActionMask = 2147483647;
			files = (
				7C2A48882161B0BA000766AD /* Credentials.swift in Sources */,
				7C9EE2DF204B4E99002A4CD0 /* ViewController.swift in Sources */,
				7CBEE4D22A81F3710079CD5D /* USLDefs.swift in Sources */,
				7C9EE2DD204B4E99002A4CD0 /* PortraitAppDelegate.swift in Sources */,
			);
			runOnlyForDeploymentPostprocessing = 0;
		};
		7CBEE4B92A81E08C0079CD5D /* Sources */ = {
			isa = PBXSourcesBuildPhase;
			buildActionMask = 2147483647;
			files = (
				7C2B5D1C2AD38EA300CAD509 /* CG-TNGDefs.swift in Sources */,
				7CBEE4BA2A81E08C0079CD5D /* Credentials.swift in Sources */,
				7CBEE4BB2A81E08C0079CD5D /* ViewController.swift in Sources */,
				7C72FFB12B43948F00564EDF /* PortraitandLandscapeAppDelegate.swift in Sources */,
			);
			runOnlyForDeploymentPostprocessing = 0;
		};
		7CDCFD092A9C200B00BE659D /* Sources */ = {
			isa = PBXSourcesBuildPhase;
			buildActionMask = 2147483647;
			files = (
				7CDCFD0A2A9C200B00BE659D /* Credentials.swift in Sources */,
				7CDCFD1F2A9C4D1B00BE659D /* PhxDefs.swift in Sources */,
				7CDCFD0B2A9C200B00BE659D /* ViewController.swift in Sources */,
				7C72FFB22B43948F00564EDF /* PortraitandLandscapeAppDelegate.swift in Sources */,
			);
			runOnlyForDeploymentPostprocessing = 0;
		};
/* End PBXSourcesBuildPhase section */

/* Begin PBXVariantGroup section */
		7C9EE2E0204B4E99002A4CD0 /* Main.storyboard */ = {
			isa = PBXVariantGroup;
			children = (
				7C9EE2E1204B4E99002A4CD0 /* Base */,
			);
			name = Main.storyboard;
			sourceTree = "<group>";
		};
		7C9EE2E5204B4E99002A4CD0 /* LaunchScreen.storyboard */ = {
			isa = PBXVariantGroup;
			children = (
				7C9EE2E6204B4E99002A4CD0 /* Base */,
			);
			name = LaunchScreen.storyboard;
			sourceTree = "<group>";
		};
/* End PBXVariantGroup section */

/* Begin XCBuildConfiguration section */
		7C2B5D152AD38B3600CAD509 /* Debug */ = {
			isa = XCBuildConfiguration;
			buildSettings = {
				ASSETCATALOG_COMPILER_APPICON_NAME = CgAppIcon;
				ASSETCATALOG_COMPILER_INCLUDE_ALL_APPICON_ASSETS = YES;
				CODE_SIGN_ENTITLEMENTS = uslce/uslce.entitlements;
				CODE_SIGN_STYLE = Automatic;
				CURRENT_PROJECT_VERSION = 35;
				DEVELOPMENT_TEAM = 5393KJA27K;
				FRAMEWORK_SEARCH_PATHS = "$(inherited)";
				INFOPLIST_FILE = "uslce/cg-classic-Info.plist";
				INFOPLIST_KEY_CFBundleDisplayName = "CG Classic";
				INFOPLIST_KEY_LSApplicationCategoryType = "public.app-category.role-playing-games";
				IPHONEOS_DEPLOYMENT_TARGET = 12.0;
				LD_RUNPATH_SEARCH_PATHS = (
					"$(inherited)",
					"@executable_path/Frameworks",
				);
				LIBRARY_SEARCH_PATHS = "$(inherited)";
				MARKETING_VERSION = 1.0.4;
				OTHER_SWIFT_FLAGS = "-DCG_TNG";
				PRODUCT_BUNDLE_IDENTIFIER = "com.ziquid.games.cg-classic";
				PRODUCT_NAME = "$(TARGET_NAME)";
				SUPPORTED_PLATFORMS = "iphoneos iphonesimulator";
				SUPPORTS_MACCATALYST = NO;
				SUPPORTS_MAC_DESIGNED_FOR_IPHONE_IPAD = YES;
				SWIFT_VERSION = 5.0;
				TARGETED_DEVICE_FAMILY = "1,2";
			};
			name = Debug;
		};
		7C2B5D162AD38B3600CAD509 /* Release */ = {
			isa = XCBuildConfiguration;
			buildSettings = {
				ASSETCATALOG_COMPILER_APPICON_NAME = CgAppIcon;
				ASSETCATALOG_COMPILER_INCLUDE_ALL_APPICON_ASSETS = YES;
				CODE_SIGN_ENTITLEMENTS = uslce/uslce.entitlements;
				CODE_SIGN_STYLE = Automatic;
				CURRENT_PROJECT_VERSION = 35;
				DEVELOPMENT_TEAM = 5393KJA27K;
				FRAMEWORK_SEARCH_PATHS = "$(inherited)";
				INFOPLIST_FILE = "uslce/cg-classic-Info.plist";
				INFOPLIST_KEY_CFBundleDisplayName = "CG Classic";
				INFOPLIST_KEY_LSApplicationCategoryType = "public.app-category.role-playing-games";
				IPHONEOS_DEPLOYMENT_TARGET = 12.0;
				LD_RUNPATH_SEARCH_PATHS = (
					"$(inherited)",
					"@executable_path/Frameworks",
				);
				LIBRARY_SEARCH_PATHS = "$(inherited)";
				MARKETING_VERSION = 1.0.4;
				OTHER_SWIFT_FLAGS = "-DCG_TNG";
				"OTHER_SWIFT_FLAGS[arch=*]" = "-DCG_TNG";
				PRODUCT_BUNDLE_IDENTIFIER = "com.ziquid.games.cg-classic";
				PRODUCT_NAME = "$(TARGET_NAME)";
				SUPPORTED_PLATFORMS = "iphoneos iphonesimulator";
				SUPPORTS_MACCATALYST = NO;
				SUPPORTS_MAC_DESIGNED_FOR_IPHONE_IPAD = YES;
				SWIFT_OPTIMIZATION_LEVEL = "-Osize";
				SWIFT_VERSION = 5.0;
				TARGETED_DEVICE_FAMILY = "1,2";
			};
			name = Release;
		};
		7C3A9C332B4B61CC00FD8049 /* Debug */ = {
			isa = XCBuildConfiguration;
			buildSettings = {
				ASSETCATALOG_COMPILER_APPICON_NAME = CgAppIcon;
				ASSETCATALOG_COMPILER_INCLUDE_ALL_APPICON_ASSETS = YES;
				CODE_SIGN_ENTITLEMENTS = uslce/uslce.entitlements;
				CODE_SIGN_STYLE = Automatic;
				CURRENT_PROJECT_VERSION = 35;
				DEVELOPMENT_TEAM = 5393KJA27K;
				FRAMEWORK_SEARCH_PATHS = "$(inherited)";
				INFOPLIST_FILE = "uslce/cg-legacy-info.plist";
				INFOPLIST_KEY_CFBundleDisplayName = "CG Legacy";
				INFOPLIST_KEY_LSApplicationCategoryType = "public.app-category.role-playing-games";
				IPHONEOS_DEPLOYMENT_TARGET = 12.0;
				LD_RUNPATH_SEARCH_PATHS = (
					"$(inherited)",
					"@executable_path/Frameworks",
				);
				LIBRARY_SEARCH_PATHS = "$(inherited)";
				MARKETING_VERSION = 1.0.4;
				OTHER_SWIFT_FLAGS = "-DCG";
				PRODUCT_BUNDLE_IDENTIFIER = "com.ziquid.games.cg-legacy";
				PRODUCT_NAME = "$(TARGET_NAME)";
				SUPPORTED_PLATFORMS = "iphoneos iphonesimulator";
				SUPPORTS_MACCATALYST = NO;
				SUPPORTS_MAC_DESIGNED_FOR_IPHONE_IPAD = YES;
				SWIFT_VERSION = 5.0;
				TARGETED_DEVICE_FAMILY = "1,2";
			};
			name = Debug;
		};
		7C3A9C342B4B61CC00FD8049 /* Release */ = {
			isa = XCBuildConfiguration;
			buildSettings = {
				ASSETCATALOG_COMPILER_APPICON_NAME = CgAppIcon;
				ASSETCATALOG_COMPILER_INCLUDE_ALL_APPICON_ASSETS = YES;
				CODE_SIGN_ENTITLEMENTS = uslce/uslce.entitlements;
				CODE_SIGN_STYLE = Automatic;
				CURRENT_PROJECT_VERSION = 35;
				DEVELOPMENT_TEAM = 5393KJA27K;
				FRAMEWORK_SEARCH_PATHS = "$(inherited)";
				INFOPLIST_FILE = "uslce/cg-legacy-info.plist";
				INFOPLIST_KEY_CFBundleDisplayName = "CG Legacy";
				INFOPLIST_KEY_LSApplicationCategoryType = "public.app-category.role-playing-games";
				IPHONEOS_DEPLOYMENT_TARGET = 12.0;
				LD_RUNPATH_SEARCH_PATHS = (
					"$(inherited)",
					"@executable_path/Frameworks",
				);
				LIBRARY_SEARCH_PATHS = "$(inherited)";
				MARKETING_VERSION = 1.0.4;
				OTHER_SWIFT_FLAGS = "-DCG";
				"OTHER_SWIFT_FLAGS[arch=*]" = "-DCG";
				PRODUCT_BUNDLE_IDENTIFIER = "com.ziquid.games.cg-legacy";
				PRODUCT_NAME = "$(TARGET_NAME)";
				SUPPORTED_PLATFORMS = "iphoneos iphonesimulator";
				SUPPORTS_MACCATALYST = NO;
				SUPPORTS_MAC_DESIGNED_FOR_IPHONE_IPAD = YES;
				SWIFT_OPTIMIZATION_LEVEL = "-Osize";
				SWIFT_VERSION = 5.0;
				TARGETED_DEVICE_FAMILY = "1,2";
			};
			name = Release;
		};
		7C9EE2E9204B4E99002A4CD0 /* Debug */ = {
			isa = XCBuildConfiguration;
			buildSettings = {
				ALWAYS_SEARCH_USER_PATHS = NO;
				ASSETCATALOG_COMPILER_GENERATE_SWIFT_ASSET_SYMBOL_EXTENSIONS = YES;
				CLANG_ANALYZER_NONNULL = YES;
				CLANG_ANALYZER_NUMBER_OBJECT_CONVERSION = YES_AGGRESSIVE;
				CLANG_CXX_LANGUAGE_STANDARD = "gnu++14";
				CLANG_CXX_LIBRARY = "libc++";
				CLANG_ENABLE_MODULES = YES;
				CLANG_ENABLE_OBJC_ARC = YES;
				CLANG_WARN_BLOCK_CAPTURE_AUTORELEASING = YES;
				CLANG_WARN_BOOL_CONVERSION = YES;
				CLANG_WARN_COMMA = YES;
				CLANG_WARN_CONSTANT_CONVERSION = YES;
				CLANG_WARN_DEPRECATED_OBJC_IMPLEMENTATIONS = YES;
				CLANG_WARN_DIRECT_OBJC_ISA_USAGE = YES_ERROR;
				CLANG_WARN_DOCUMENTATION_COMMENTS = YES;
				CLANG_WARN_EMPTY_BODY = YES;
				CLANG_WARN_ENUM_CONVERSION = YES;
				CLANG_WARN_INFINITE_RECURSION = YES;
				CLANG_WARN_INT_CONVERSION = YES;
				CLANG_WARN_NON_LITERAL_NULL_CONVERSION = YES;
				CLANG_WARN_OBJC_IMPLICIT_RETAIN_SELF = YES;
				CLANG_WARN_OBJC_LITERAL_CONVERSION = YES;
				CLANG_WARN_OBJC_ROOT_CLASS = YES_ERROR;
				CLANG_WARN_QUOTED_INCLUDE_IN_FRAMEWORK_HEADER = YES;
				CLANG_WARN_RANGE_LOOP_ANALYSIS = YES;
				CLANG_WARN_STRICT_PROTOTYPES = YES;
				CLANG_WARN_SUSPICIOUS_MOVE = YES;
				CLANG_WARN_UNGUARDED_AVAILABILITY = YES_AGGRESSIVE;
				CLANG_WARN_UNREACHABLE_CODE = YES;
				CLANG_WARN__DUPLICATE_METHOD_MATCH = YES;
				CODE_SIGN_IDENTITY = "iPhone Developer";
				COPY_PHASE_STRIP = NO;
				DEBUG_INFORMATION_FORMAT = dwarf;
				ENABLE_STRICT_OBJC_MSGSEND = YES;
				ENABLE_TESTABILITY = YES;
				ENABLE_USER_SCRIPT_SANDBOXING = YES;
				GCC_C_LANGUAGE_STANDARD = gnu11;
				GCC_DYNAMIC_NO_PIC = NO;
				GCC_NO_COMMON_BLOCKS = YES;
				GCC_OPTIMIZATION_LEVEL = 0;
				GCC_PREPROCESSOR_DEFINITIONS = (
					"DEBUG=1",
					"$(inherited)",
				);
				GCC_WARN_64_TO_32_BIT_CONVERSION = YES;
				GCC_WARN_ABOUT_RETURN_TYPE = YES_ERROR;
				GCC_WARN_UNDECLARED_SELECTOR = YES;
				GCC_WARN_UNINITIALIZED_AUTOS = YES_AGGRESSIVE;
				GCC_WARN_UNUSED_FUNCTION = YES;
				GCC_WARN_UNUSED_VARIABLE = YES;
				INFOPLIST_KEY_UIRequiredDeviceCapabilities = NSMotionUsageDescription;
				IPHONEOS_DEPLOYMENT_TARGET = 12.0;
				MTL_ENABLE_DEBUG_INFO = YES;
				ONLY_ACTIVE_ARCH = YES;
				SDKROOT = iphoneos;
				SUPPORTS_MACCATALYST = YES;
				SWIFT_ACTIVE_COMPILATION_CONDITIONS = DEBUG;
				SWIFT_OPTIMIZATION_LEVEL = "-Onone";
			};
			name = Debug;
		};
		7C9EE2EA204B4E99002A4CD0 /* Release */ = {
			isa = XCBuildConfiguration;
			buildSettings = {
				ALWAYS_SEARCH_USER_PATHS = NO;
				ASSETCATALOG_COMPILER_GENERATE_SWIFT_ASSET_SYMBOL_EXTENSIONS = YES;
				CLANG_ANALYZER_NONNULL = YES;
				CLANG_ANALYZER_NUMBER_OBJECT_CONVERSION = YES_AGGRESSIVE;
				CLANG_CXX_LANGUAGE_STANDARD = "gnu++14";
				CLANG_CXX_LIBRARY = "libc++";
				CLANG_ENABLE_MODULES = YES;
				CLANG_ENABLE_OBJC_ARC = YES;
				CLANG_WARN_BLOCK_CAPTURE_AUTORELEASING = YES;
				CLANG_WARN_BOOL_CONVERSION = YES;
				CLANG_WARN_COMMA = YES;
				CLANG_WARN_CONSTANT_CONVERSION = YES;
				CLANG_WARN_DEPRECATED_OBJC_IMPLEMENTATIONS = YES;
				CLANG_WARN_DIRECT_OBJC_ISA_USAGE = YES_ERROR;
				CLANG_WARN_DOCUMENTATION_COMMENTS = YES;
				CLANG_WARN_EMPTY_BODY = YES;
				CLANG_WARN_ENUM_CONVERSION = YES;
				CLANG_WARN_INFINITE_RECURSION = YES;
				CLANG_WARN_INT_CONVERSION = YES;
				CLANG_WARN_NON_LITERAL_NULL_CONVERSION = YES;
				CLANG_WARN_OBJC_IMPLICIT_RETAIN_SELF = YES;
				CLANG_WARN_OBJC_LITERAL_CONVERSION = YES;
				CLANG_WARN_OBJC_ROOT_CLASS = YES_ERROR;
				CLANG_WARN_QUOTED_INCLUDE_IN_FRAMEWORK_HEADER = YES;
				CLANG_WARN_RANGE_LOOP_ANALYSIS = YES;
				CLANG_WARN_STRICT_PROTOTYPES = YES;
				CLANG_WARN_SUSPICIOUS_MOVE = YES;
				CLANG_WARN_UNGUARDED_AVAILABILITY = YES_AGGRESSIVE;
				CLANG_WARN_UNREACHABLE_CODE = YES;
				CLANG_WARN__DUPLICATE_METHOD_MATCH = YES;
				CODE_SIGN_IDENTITY = "iPhone Developer";
				COPY_PHASE_STRIP = NO;
				DEBUG_INFORMATION_FORMAT = "dwarf-with-dsym";
				ENABLE_NS_ASSERTIONS = NO;
				ENABLE_STRICT_OBJC_MSGSEND = YES;
				ENABLE_USER_SCRIPT_SANDBOXING = YES;
				GCC_C_LANGUAGE_STANDARD = gnu11;
				GCC_NO_COMMON_BLOCKS = YES;
				GCC_WARN_64_TO_32_BIT_CONVERSION = YES;
				GCC_WARN_ABOUT_RETURN_TYPE = YES_ERROR;
				GCC_WARN_UNDECLARED_SELECTOR = YES;
				GCC_WARN_UNINITIALIZED_AUTOS = YES_AGGRESSIVE;
				GCC_WARN_UNUSED_FUNCTION = YES;
				GCC_WARN_UNUSED_VARIABLE = YES;
				INFOPLIST_KEY_UIRequiredDeviceCapabilities = NSMotionUsageDescription;
				IPHONEOS_DEPLOYMENT_TARGET = 12.0;
				MTL_ENABLE_DEBUG_INFO = NO;
				SDKROOT = iphoneos;
				SUPPORTS_MACCATALYST = YES;
				SWIFT_COMPILATION_MODE = wholemodule;
				SWIFT_OPTIMIZATION_LEVEL = "-Osize";
				VALIDATE_PRODUCT = YES;
			};
			name = Release;
		};
		7C9EE2EC204B4E99002A4CD0 /* Debug */ = {
			isa = XCBuildConfiguration;
			buildSettings = {
				ASSETCATALOG_COMPILER_APPICON_NAME = AppIcon;
				ASSETCATALOG_COMPILER_INCLUDE_ALL_APPICON_ASSETS = YES;
				CODE_SIGN_ENTITLEMENTS = uslce/uslce.entitlements;
				CODE_SIGN_STYLE = Automatic;
				CURRENT_PROJECT_VERSION = 35;
				DEVELOPMENT_TEAM = 5393KJA27K;
				FRAMEWORK_SEARCH_PATHS = "$(inherited)";
				INFOPLIST_FILE = uslce/Info.plist;
				INFOPLIST_KEY_CFBundleDisplayName = USLCE;
				INFOPLIST_KEY_LSApplicationCategoryType = "public.app-category.role-playing-games";
				IPHONEOS_DEPLOYMENT_TARGET = 12.0;
				LD_RUNPATH_SEARCH_PATHS = (
					"$(inherited)",
					"@executable_path/Frameworks",
				);
				LIBRARY_SEARCH_PATHS = "$(inherited)";
				MARKETING_VERSION = 1.0.4;
				PRODUCT_BUNDLE_IDENTIFIER = com.ziquid.uslce;
				PRODUCT_NAME = "$(TARGET_NAME)";
				SUPPORTED_PLATFORMS = "iphoneos iphonesimulator";
				SUPPORTS_MACCATALYST = NO;
				SUPPORTS_MAC_DESIGNED_FOR_IPHONE_IPAD = YES;
				SWIFT_VERSION = 5.0;
				TARGETED_DEVICE_FAMILY = "1,2";
			};
			name = Debug;
		};
		7C9EE2ED204B4E99002A4CD0 /* Release */ = {
			isa = XCBuildConfiguration;
			buildSettings = {
				ASSETCATALOG_COMPILER_APPICON_NAME = AppIcon;
				ASSETCATALOG_COMPILER_INCLUDE_ALL_APPICON_ASSETS = YES;
				CODE_SIGN_ENTITLEMENTS = uslce/uslce.entitlements;
				CODE_SIGN_STYLE = Automatic;
				CURRENT_PROJECT_VERSION = 35;
				DEVELOPMENT_TEAM = 5393KJA27K;
				FRAMEWORK_SEARCH_PATHS = "$(inherited)";
				INFOPLIST_FILE = uslce/Info.plist;
				INFOPLIST_KEY_CFBundleDisplayName = USLCE;
				INFOPLIST_KEY_LSApplicationCategoryType = "public.app-category.role-playing-games";
				IPHONEOS_DEPLOYMENT_TARGET = 12.0;
				LD_RUNPATH_SEARCH_PATHS = (
					"$(inherited)",
					"@executable_path/Frameworks",
				);
				LIBRARY_SEARCH_PATHS = "$(inherited)";
				MARKETING_VERSION = 1.0.4;
				PRODUCT_BUNDLE_IDENTIFIER = com.ziquid.uslce;
				PRODUCT_NAME = "$(TARGET_NAME)";
				SUPPORTED_PLATFORMS = "iphoneos iphonesimulator";
				SUPPORTS_MACCATALYST = NO;
				SUPPORTS_MAC_DESIGNED_FOR_IPHONE_IPAD = YES;
				SWIFT_OPTIMIZATION_LEVEL = "-Osize";
				SWIFT_VERSION = 5.0;
				TARGETED_DEVICE_FAMILY = "1,2";
			};
			name = Release;
		};
		7CBEE4C72A81E08C0079CD5D /* Debug */ = {
			isa = XCBuildConfiguration;
			buildSettings = {
				ASSETCATALOG_COMPILER_APPICON_NAME = "CG-TNGAppIcon";
				ASSETCATALOG_COMPILER_INCLUDE_ALL_APPICON_ASSETS = YES;
				CODE_SIGN_ENTITLEMENTS = uslce/uslce.entitlements;
				CODE_SIGN_STYLE = Automatic;
				CURRENT_PROJECT_VERSION = 35;
				DEVELOPMENT_TEAM = 5393KJA27K;
				FRAMEWORK_SEARCH_PATHS = "$(inherited)";
				INFOPLIST_FILE = "uslce/cg-tng-Info.plist";
				INFOPLIST_KEY_CFBundleDisplayName = "Celestial Glory: TNG";
				INFOPLIST_KEY_LSApplicationCategoryType = "public.app-category.role-playing-games";
				IPHONEOS_DEPLOYMENT_TARGET = 12.0;
				LD_RUNPATH_SEARCH_PATHS = (
					"$(inherited)",
					"@executable_path/Frameworks",
				);
				LIBRARY_SEARCH_PATHS = "$(inherited)";
				MARKETING_VERSION = 1.0.4;
				OTHER_SWIFT_FLAGS = "-DCG_TNG";
				PRODUCT_BUNDLE_IDENTIFIER = "com.ziquid.games.cg-tng";
				PRODUCT_NAME = "$(TARGET_NAME)";
				SUPPORTED_PLATFORMS = "iphoneos iphonesimulator";
				SUPPORTS_MACCATALYST = NO;
				SUPPORTS_MAC_DESIGNED_FOR_IPHONE_IPAD = YES;
				SWIFT_VERSION = 5.0;
				TARGETED_DEVICE_FAMILY = "1,2";
			};
			name = Debug;
		};
		7CBEE4C82A81E08C0079CD5D /* Release */ = {
			isa = XCBuildConfiguration;
			buildSettings = {
				ASSETCATALOG_COMPILER_APPICON_NAME = "CG-TNGAppIcon";
				ASSETCATALOG_COMPILER_INCLUDE_ALL_APPICON_ASSETS = YES;
				CODE_SIGN_ENTITLEMENTS = uslce/uslce.entitlements;
				CODE_SIGN_STYLE = Automatic;
				CURRENT_PROJECT_VERSION = 35;
				DEVELOPMENT_TEAM = 5393KJA27K;
				FRAMEWORK_SEARCH_PATHS = "$(inherited)";
				INFOPLIST_FILE = "uslce/cg-tng-Info.plist";
				INFOPLIST_KEY_CFBundleDisplayName = "Celestial Glory: TNG";
				INFOPLIST_KEY_LSApplicationCategoryType = "public.app-category.role-playing-games";
				IPHONEOS_DEPLOYMENT_TARGET = 12.0;
				LD_RUNPATH_SEARCH_PATHS = (
					"$(inherited)",
					"@executable_path/Frameworks",
				);
				LIBRARY_SEARCH_PATHS = "$(inherited)";
				MARKETING_VERSION = 1.0.4;
				OTHER_SWIFT_FLAGS = "-DCG_TNG";
				"OTHER_SWIFT_FLAGS[arch=*]" = "-DCG_TNG";
				PRODUCT_BUNDLE_IDENTIFIER = "com.ziquid.games.cg-tng";
				PRODUCT_NAME = "$(TARGET_NAME)";
				SUPPORTED_PLATFORMS = "iphoneos iphonesimulator";
				SUPPORTS_MACCATALYST = NO;
				SUPPORTS_MAC_DESIGNED_FOR_IPHONE_IPAD = YES;
				SWIFT_OPTIMIZATION_LEVEL = "-Osize";
				SWIFT_VERSION = 5.0;
				TARGETED_DEVICE_FAMILY = "1,2";
			};
			name = Release;
		};
		7CDCFD152A9C200B00BE659D /* Debug */ = {
			isa = XCBuildConfiguration;
			buildSettings = {
				ASSETCATALOG_COMPILER_APPICON_NAME = PhxAppIcon;
				ASSETCATALOG_COMPILER_INCLUDE_ALL_APPICON_ASSETS = YES;
				CODE_SIGN_ENTITLEMENTS = uslce/uslce.entitlements;
				CODE_SIGN_STYLE = Automatic;
				CURRENT_PROJECT_VERSION = 35;
				DEVELOPMENT_TEAM = 5393KJA27K;
				FRAMEWORK_SEARCH_PATHS = "$(inherited)";
				INFOPLIST_FILE = "uslce/phx-Info.plist";
				INFOPLIST_KEY_CFBundleDisplayName = "Uprising: Phoenix";
				INFOPLIST_KEY_LSApplicationCategoryType = "public.app-category.role-playing-games";
				IPHONEOS_DEPLOYMENT_TARGET = 12.0;
				LD_RUNPATH_SEARCH_PATHS = (
					"$(inherited)",
					"@executable_path/Frameworks",
				);
				LIBRARY_SEARCH_PATHS = "$(inherited)";
				MARKETING_VERSION = 1.0.4;
				OTHER_SWIFT_FLAGS = "";
				PRODUCT_BUNDLE_IDENTIFIER = com.ziquid.games.phx;
				PRODUCT_NAME = "$(TARGET_NAME)";
				SUPPORTED_PLATFORMS = "iphoneos iphonesimulator";
				SUPPORTS_MACCATALYST = YES;
				SUPPORTS_MAC_DESIGNED_FOR_IPHONE_IPAD = NO;
				SWIFT_VERSION = 5.0;
				TARGETED_DEVICE_FAMILY = "1,2";
			};
			name = Debug;
		};
		7CDCFD162A9C200B00BE659D /* Release */ = {
			isa = XCBuildConfiguration;
			buildSettings = {
				ASSETCATALOG_COMPILER_APPICON_NAME = PhxAppIcon;
				ASSETCATALOG_COMPILER_INCLUDE_ALL_APPICON_ASSETS = YES;
				CODE_SIGN_ENTITLEMENTS = uslce/uslce.entitlements;
				CODE_SIGN_STYLE = Automatic;
				CURRENT_PROJECT_VERSION = 35;
				DEVELOPMENT_TEAM = 5393KJA27K;
				FRAMEWORK_SEARCH_PATHS = "$(inherited)";
				INFOPLIST_FILE = "uslce/phx-Info.plist";
				INFOPLIST_KEY_CFBundleDisplayName = "Uprising: Phoenix";
				INFOPLIST_KEY_LSApplicationCategoryType = "public.app-category.role-playing-games";
				IPHONEOS_DEPLOYMENT_TARGET = 12.0;
				LD_RUNPATH_SEARCH_PATHS = (
					"$(inherited)",
					"@executable_path/Frameworks",
				);
				LIBRARY_SEARCH_PATHS = "$(inherited)";
				MARKETING_VERSION = 1.0.4;
				OTHER_SWIFT_FLAGS = "";
				"OTHER_SWIFT_FLAGS[arch=*]" = "";
				PRODUCT_BUNDLE_IDENTIFIER = com.ziquid.games.phx;
				PRODUCT_NAME = "$(TARGET_NAME)";
				SUPPORTED_PLATFORMS = "iphoneos iphonesimulator";
				SUPPORTS_MACCATALYST = YES;
				SUPPORTS_MAC_DESIGNED_FOR_IPHONE_IPAD = NO;
				SWIFT_OPTIMIZATION_LEVEL = "-Osize";
				SWIFT_VERSION = 5.0;
				TARGETED_DEVICE_FAMILY = "1,2";
			};
			name = Release;
		};
/* End XCBuildConfiguration section */

/* Begin XCConfigurationList section */
		7C2B5D142AD38B3600CAD509 /* Build configuration list for PBXNativeTarget "cg-classic" */ = {
			isa = XCConfigurationList;
			buildConfigurations = (
				7C2B5D152AD38B3600CAD509 /* Debug */,
				7C2B5D162AD38B3600CAD509 /* Release */,
			);
			defaultConfigurationIsVisible = 0;
			defaultConfigurationName = Release;
		};
		7C3A9C322B4B61CC00FD8049 /* Build configuration list for PBXNativeTarget "cg-legacy" */ = {
			isa = XCConfigurationList;
			buildConfigurations = (
				7C3A9C332B4B61CC00FD8049 /* Debug */,
				7C3A9C342B4B61CC00FD8049 /* Release */,
			);
			defaultConfigurationIsVisible = 0;
			defaultConfigurationName = Release;
		};
		7C9EE2D4204B4E99002A4CD0 /* Build configuration list for PBXProject "uslce" */ = {
			isa = XCConfigurationList;
			buildConfigurations = (
				7C9EE2E9204B4E99002A4CD0 /* Debug */,
				7C9EE2EA204B4E99002A4CD0 /* Release */,
			);
			defaultConfigurationIsVisible = 0;
			defaultConfigurationName = Release;
		};
		7C9EE2EB204B4E99002A4CD0 /* Build configuration list for PBXNativeTarget "uslce" */ = {
			isa = XCConfigurationList;
			buildConfigurations = (
				7C9EE2EC204B4E99002A4CD0 /* Debug */,
				7C9EE2ED204B4E99002A4CD0 /* Release */,
			);
			defaultConfigurationIsVisible = 0;
			defaultConfigurationName = Release;
		};
		7CBEE4C62A81E08C0079CD5D /* Build configuration list for PBXNativeTarget "cg-tng" */ = {
			isa = XCConfigurationList;
			buildConfigurations = (
				7CBEE4C72A81E08C0079CD5D /* Debug */,
				7CBEE4C82A81E08C0079CD5D /* Release */,
			);
			defaultConfigurationIsVisible = 0;
			defaultConfigurationName = Release;
		};
		7CDCFD142A9C200B00BE659D /* Build configuration list for PBXNativeTarget "phx" */ = {
			isa = XCConfigurationList;
			buildConfigurations = (
				7CDCFD152A9C200B00BE659D /* Debug */,
				7CDCFD162A9C200B00BE659D /* Release */,
			);
			defaultConfigurationIsVisible = 0;
			defaultConfigurationName = Release;
		};
/* End XCConfigurationList section */
	};
	rootObject = 7C9EE2D1204B4E99002A4CD0 /* Project object */;
}
